
Microsoft Visual Studio Solution File, Format Version 12.00
# Visual Studio Version 16
VisualStudioVersion = 16.0.29509.3
MinimumVisualStudioVersion = 10.0.40219.1
Project("{FAE04EC0-301F-11D3-BF4B-00C04F79EFBC}") = "DZ1_Текстовый_редактор", "DZ1_Текстовый_редактор\DZ1_Текстовый_редактор.csproj", "{2AB8DB96-C4CD-4543-90E1-B592BE6628EA}"
EndProject
Global
	GlobalSection(SolutionConfigurationPlatforms) = preSolution
		Debug|Any CPU = Debug|Any CPU
		Release|Any CPU = Release|Any CPU
	EndGlobalSection
	GlobalSection(ProjectConfigurationPlatforms) = postSolution
		{2AB8DB96-C4CD-4543-90E1-B592BE6628EA}.Debug|Any CPU.ActiveCfg = Debug|Any CPU
		{2AB8DB96-C4CD-4543-90E1-B592BE6628EA}.Debug|Any CPU.Build.0 = Debug|Any CPU
		{2AB8DB96-C4CD-4543-90E1-B592BE6628EA}.Release|Any CPU.ActiveCfg = Release|Any CPU
		{2AB8DB96-C4CD-4543-90E1-B592BE6628EA}.Release|Any CPU.Build.0 = Release|Any CPU
	EndGlobalSection
	GlobalSection(SolutionProperties) = preSolution
		HideSolutionNode = FALSE
	EndGlobalSection
	GlobalSection(ExtensibilityGlobals) = postSolution
		SolutionGuid = {35C68C6C-E835-484C-8D71-1CB4A1547B09}
	EndGlobalSection
EndGlobal
